Microsoft Visual Studio Solution File, Format Version 12.00
# Blend for Visual Studio Version 16
VisualStudioVersion = 16.0.31729.503
MinimumVisualStudioVersion = 10.0.40219.1
Project("{FAE04EC0-301F-11D3-BF4B-00C04F79EFBC}") = "RiveNoesisExample-blend", "RiveNoesisExample-blend.csproj", "{0EA1FE86-FC4D-40B3-A3A2-CD0AD5B96827}"
EndProject
Global
	GlobalSection(SolutionConfigurationPlatforms) = preSolution
		Debug|Any CPU = Debug|Any CPU
		Release|Any CPU = Release|Any CPU
	EndGlobalSection
	GlobalSection(ProjectConfigurationPlatforms) = postSolution
		{0EA1FE86-FC4D-40B3-A3A2-CD0AD5B96827}.Debug|Any CPU.ActiveCfg = Debug|Any CPU
		{0EA1FE86-FC4D-40B3-A3A2-CD0AD5B96827}.Debug|Any CPU.Build.0 = Debug|Any CPU
		{0EA1FE86-FC4D-40B3-A3A2-CD0AD5B96827}.Release|Any CPU.ActiveCfg = Release|Any CPU
		{0EA1FE86-FC4D-40B3-A3A2-CD0AD5B96827}.Release|Any CPU.Build.0 = Release|Any CPU
	EndGlobalSection
	GlobalSection(SolutionProperties) = preSolution
		HideSolutionNode = FALSE
	EndGlobalSection
	GlobalSection(ExtensibilityGlobals) = postSolution
		SolutionGuid = {F755F326-8619-4202-BEBD-155F17F4598F}
	EndGlobalSection
EndGlobal
